// !$*UTF8*$!
{
	archiveVersion = 1;
	classes = {
	};
	objectVersion = 51;
	objects = {

/* Begin PBXBuildFile section */
		8462B2DC2580D2D700CC12AF /* AppDelegate.swift in Sources */ = {isa = PBXBuildFile; fileRef = 8462B2DB2580D2D700CC12AF /* AppDelegate.swift */; };
		8462B2E02580D2D700CC12AF /* ViewController.swift in Sources */ = {isa = PBXBuildFile; fileRef = 8462B2DF2580D2D700CC12AF /* ViewController.swift */; };
		8462B2E52580D2D700CC12AF /* Assets.xcassets in Resources */ = {isa = PBXBuildFile; fileRef = 8462B2E42580D2D700CC12AF /* Assets.xcassets */; };
		8462B2E82580D2D700CC12AF /* LaunchScreen.storyboard in Resources */ = {isa = PBXBuildFile; fileRef = 8462B2E62580D2D700CC12AF /* LaunchScreen.storyboard */; };
		8462B2F82580D3B300CC12AF /* ViewController.xib in Resources */ = {isa = PBXBuildFile; fileRef = 8462B2F72580D3B300CC12AF /* ViewController.xib */; };
		8FC65909BF1E1ECAB88F8DA3 /* libPods-iOS_test1.a in Frameworks */ = {isa = PBXBuildFile; fileRef = C59F9A6EC0C1387CC5EFFDCE /* libPods-iOS_test1.a */; };
/* End PBXBuildFile section */

/* Begin PBXFileReference section */
		8462B2D82580D2D700CC12AF /* iOS_test1.app */ = {isa = PBXFileReference; explicitFileType = wrapper.application; includeInIndex = 0; path = iOS_test1.app; sourceTree = BUILT_PRODUCTS_DIR; };
		8462B2DB2580D2D700CC12AF /* AppDelegate.swift */ = {isa = PBXFileReference; lastKnownFileType = sourcecode.swift; path = AppDelegate.swift; sourceTree = "<group>"; };
		8462B2DF2580D2D700CC12AF /* ViewController.swift */ = {isa = PBXFileReference; lastKnownFileType = sourcecode.swift; path = ViewController.swift; sourceTree = "<group>"; };
		8462B2E42580D2D700CC12AF /* Assets.xcassets */ = {isa = PBXFileReference; lastKnownFileType = folder.assetcatalog; path = Assets.xcassets; sourceTree = "<group>"; };
		8462B2E72580D2D700CC12AF /* Base */ = {isa = PBXFileReference; lastKnownFileType = file.storyboard; name = Base; path = Base.lproj/LaunchScreen.storyboard; sourceTree = "<group>"; };
		8462B2E92580D2D700CC12AF /* Info.plist */ = {isa = PBXFileReference; lastKnownFileType = text.plist.xml; path = Info.plist; sourceTree = "<group>"; };
		8462B2F72580D3B300CC12AF /* ViewController.xib */ = {isa = PBXFileReference; fileEncoding = 4; lastKnownFileType = file.xib; path = ViewController.xib; sourceTree = "<group>"; };
		9D3BC90861B79F092B07C016 /* Pods-iOS_test1.release.xcconfig */ = {isa = PBXFileReference; includeInIndex = 1; lastKnownFileType = text.xcconfig; name = "Pods-iOS_test1.release.xcconfig"; path = "Target Support Files/Pods-iOS_test1/Pods-iOS_test1.release.xcconfig"; sourceTree = "<group>"; };
		C59F9A6EC0C1387CC5EFFDCE /* libPods-iOS_test1.a */ = {isa = PBXFileReference; explicitFileType = archive.ar; includeInIndex = 0; path = "libPods-iOS_test1.a"; sourceTree = BUILT_PRODUCTS_DIR; };
		CCB43563C0BA0235C98645A4 /* Pods-iOS_test1.debug.xcconfig */ = {isa = PBXFileReference; includeInIndex = 1; lastKnownFileType = text.xcconfig; name = "Pods-iOS_test1.debug.xcconfig"; path = "Target Support Files/Pods-iOS_test1/Pods-iOS_test1.debug.xcconfig"; sourceTree = "<group>"; };
/* End PBXFileReference section */

/* Begin PBXFrameworksBuildPhase section */
		8462B2D52580D2D700CC12AF /* Frameworks */ = {
			isa = PBXFrameworksBuildPhase;
			buildActionMask = 2147483647;
			files = (
				8FC65909BF1E1ECAB88F8DA3 /* libPods-iOS_test1.a in Frameworks */,
			);
			runOnlyForDeploymentPostprocessing = 0;
		};
/* End PBXFrameworksBuildPhase section */

/* Begin PBXGroup section */
		19C093EDD1B496213677BA3E /* Pods */ = {
			isa = PBXGroup;
			children = (
				CCB43563C0BA0235C98645A4 /* Pods-iOS_test1.debug.xcconfig */,
				9D3BC90861B79F092B07C016 /* Pods-iOS_test1.release.xcconfig */,
			);
			path = Pods;
			sourceTree = "<group>";
		};
		1FFA8F990CA47CC357EB37E6 /* Frameworks */ = {
			isa = PBXGroup;
			children = (
				C59F9A6EC0C1387CC5EFFDCE /* libPods-iOS_test1.a */,
			);
			name = Frameworks;
			sourceTree = "<group>";
		};
		8462B2CF2580D2D700CC12AF = {
			isa = PBXGroup;
			children = (
				8462B2DA2580D2D700CC12AF /* iOS_test1 */,
				8462B2D92580D2D700CC12AF /* Products */,
				19C093EDD1B496213677BA3E /* Pods */,
				1FFA8F990CA47CC357EB37E6 /* Frameworks */,
			);
			sourceTree = "<group>";
		};
		8462B2D92580D2D700CC12AF /* Products */ = {
			isa = PBXGroup;
			children = (
				8462B2D82580D2D700CC12AF /* iOS_test1.app */,
			);
			name = Products;
			sourceTree = "<group>";
		};
		8462B2DA2580D2D700CC12AF /* iOS_test1 */ = {
			isa = PBXGroup;
			children = (
				8462B2F72580D3B300CC12AF /* ViewController.xib */,
				8462B2DB2580D2D700CC12AF /* AppDelegate.swift */,
				8462B2DF2580D2D700CC12AF /* ViewController.swift */,
				8462B2E42580D2D700CC12AF /* Assets.xcassets */,
				8462B2E62580D2D700CC12AF /* LaunchScreen.storyboard */,
				8462B2E92580D2D700CC12AF /* Info.plist */,
			);
			path = iOS_test1;
			sourceTree = "<group>";
		};
/* End PBXGroup section */

/* Begin PBXNativeTarget section */
		8462B2D72580D2D700CC12AF /* iOS_test1 */ = {
			isa = PBXNativeTarget;
			buildConfigurationList = 8462B2EC2580D2D700CC12AF /* Build configuration list for PBXNativeTarget "iOS_test1" */;
			buildPhases = (
				5402EFD82AE1A732368472B7 /* [CP] Check Pods Manifest.lock */,
				B1E1A3934B56EB2EFCED5F3B /* [CP-User] Run Flutter Build flutter_module_test Script */,
				8462B2D42580D2D700CC12AF /* Sources */,
				8462B2D52580D2D700CC12AF /* Frameworks */,
				8462B2D62580D2D700CC12AF /* Resources */,
				6592BC83223A0687291D6703 /* [CP] Embed Pods Frameworks */,
			);
			buildRules = (
			);
			dependencies = (
			);
			name = iOS_test1;
			productName = iOS_test1;
			productReference = 8462B2D82580D2D700CC12AF /* iOS_test1.app */;
			productType = "com.apple.product-type.application";
		};
/* End PBXNativeTarget section */

/* Begin PBXProject section */
		8462B2D02580D2D700CC12AF /* Project object */ = {
			isa = PBXProject;
			attributes = {
				LastSwiftUpdateCheck = 1210;
				LastUpgradeCheck = 1210;
				TargetAttributes = {
					8462B2D72580D2D700CC12AF = {
						CreatedOnToolsVersion = 12.1;
					};
				};
			};
			buildConfigurationList = 8462B2D32580D2D700CC12AF /* Build configuration list for PBXProject "iOS_test1" */;
			compatibilityVersion = "Xcode 9.3";
			developmentRegion = en;
			hasScannedForEncodings = 0;
			knownRegions = (
				en,
				Base,
			);
			mainGroup = 8462B2CF2580D2D700CC12AF;
			productRefGroup = 8462B2D92580D2D700CC12AF /* Products */;
			projectDirPath = "";
			projectRoot = "";
			targets = (
				8462B2D72580D2D700CC12AF /* iOS_test1 */,
			);
		};
/* End PBXProject section */

/* Begin PBXResourcesBuildPhase section */
		8462B2D62580D2D700CC12AF /* Resources */ = {
			isa = PBXResourcesBuildPhase;
			buildActionMask = 2147483647;
			files = (
				8462B2E82580D2D700CC12AF /* LaunchScreen.storyboard in Resources */,
				8462B2F82580D3B300CC12AF /* ViewController.xib in Resources */,
				8462B2E52580D2D700CC12AF /* Assets.xcassets in Resources */,
			);
			runOnlyForDeploymentPostprocessing = 0;
		};
/* End PBXResourcesBuildPhase section */

/* Begin PBXShellScriptBuildPhase section */
		5402EFD82AE1A732368472B7 /* [CP] Check Pods Manifest.lock */ = {
			isa = PBXShellScriptBuildPhase;
			buildActionMask = 2147483647;
			files = (
			);
			inputFileListPaths = (
			);
			inputPaths = (
				"${PODS_PODFILE_DIR_PATH}/Podfile.lock",
				"${PODS_ROOT}/Manifest.lock",
			);
			name = "[CP] Check Pods Manifest.lock";
			outputFileListPaths = (
			);
			outputPaths = (
				"$(DERIVED_FILE_DIR)/Pods-iOS_test1-checkManifestLockResult.txt",
			);
			runOnlyForDeploymentPostprocessing = 0;
			shellPath = /bin/sh;
			shellScript = "diff \"${PODS_PODFILE_DIR_PATH}/Podfile.lock\" \"${PODS_ROOT}/Manifest.lock\" > /dev/null\nif [ $? != 0 ] ; then\n    # print error to STDERR\n    echo \"error: The sandbox is not in sync with the Podfile.lock. Run 'pod install' or update your CocoaPods installation.\" >&2\n    exit 1\nfi\n# This output is used by Xcode 'outputs' to avoid re-running this script phase.\necho \"SUCCESS\" > \"${SCRIPT_OUTPUT_FILE_0}\"\n";
			showEnvVarsInLog = 0;
		};
		6592BC83223A0687291D6703 /* [CP] Embed Pods Frameworks */ = {
			isa = PBXShellScriptBuildPhase;
			buildActionMask = 2147483647;
			files = (
			);
			inputFileListPaths = (
				"${PODS_ROOT}/Target Support Files/Pods-iOS_test1/Pods-iOS_test1-frameworks-${CONFIGURATION}-input-files.xcfilelist",
			);
			name = "[CP] Embed Pods Frameworks";
			outputFileListPaths = (
				"${PODS_ROOT}/Target Support Files/Pods-iOS_test1/Pods-iOS_test1-frameworks-${CONFIGURATION}-output-files.xcfilelist",
			);
			runOnlyForDeploymentPostprocessing = 0;
			shellPath = /bin/sh;
			shellScript = "\"${PODS_ROOT}/Target Support Files/Pods-iOS_test1/Pods-iOS_test1-frameworks.sh\"\n";
			showEnvVarsInLog = 0;
		};
		B1E1A3934B56EB2EFCED5F3B /* [CP-User] Run Flutter Build flutter_module_test Script */ = {
			isa = PBXShellScriptBuildPhase;
			buildActionMask = 2147483647;
			files = (
			);
			inputPaths = (
				"${SRCROOT}/../flutter_module_test/.metadata",
				"${SRCROOT}/../flutter_module_test/.ios/Flutter/App.framework/App",
				"${SRCROOT}/../flutter_module_test/.ios/Flutter/engine/Flutter.framework/Flutter",
				"${SRCROOT}/../flutter_module_test/.ios/Flutter/flutter_export_environment.sh",
			);
			name = "[CP-User] Run Flutter Build flutter_module_test Script";
			runOnlyForDeploymentPostprocessing = 0;
			shellPath = /bin/sh;
			shellScript = "set -e\nset -u\nsource \"${SRCROOT}/../flutter_module_test/.ios/Flutter/flutter_export_environment.sh\"\n\"$FLUTTER_ROOT\"/packages/flutter_tools/bin/xcode_backend.sh build";
		};
/* End PBXShellScriptBuildPhase section */

/* Begin PBXSourcesBuildPhase section */
		8462B2D42580D2D700CC12AF /* Sources */ = {
			isa = PBXSourcesBuildPhase;
			buildActionMask = 2147483647;
			files = (
				8462B2E02580D2D700CC12AF /* ViewController.swift in Sources */,
				8462B2DC2580D2D700CC12AF /* AppDelegate.swift in Sources */,
			);
			runOnlyForDeploymentPostprocessing = 0;
		};
/* End PBXSourcesBuildPhase section */

/* Begin PBXVariantGroup section */
		8462B2E62580D2D700CC12AF /* LaunchScreen.storyboard */ = {
			isa = PBXVariantGroup;
			children = (
				8462B2E72580D2D700CC12AF /* Base */,
			);
			name = LaunchScreen.storyboard;
			sourceTree = "<group>";
		};
/* End PBXVariantGroup section */

/* Begin XCBuildConfiguration section */
		8462B2EA2580D2D700CC12AF /* Debug */ = {
			isa = XCBuildConfiguration;
			buildSettings = {
				ALWAYS_SEARCH_USER_PATHS = NO;
				CLANG_ANALYZER_NONNULL = YES;
				CLANG_ANALYZER_NUMBER_OBJECT_CONVERSION = YES_AGGRESSIVE;
				CLANG_CXX_LANGUAGE_STANDARD = "gnu++14";
				CLANG_CXX_LIBRARY = "libc++";
				CLANG_ENABLE_MODULES = YES;
				CLANG_ENABLE_OBJC_ARC = YES;
				CLANG_ENABLE_OBJC_WEAK = YES;
				CLANG_WARN_BLOCK_CAPTURE_AUTORELEASING = YES;
				CLANG_WARN_BOOL_CONVERSION = YES;
				CLANG_WARN_COMMA = YES;
				CLANG_WARN_CONSTANT_CONVERSION = YES;
				CLANG_WARN_DEPRECATED_OBJC_IMPLEMENTATIONS = YES;
				CLANG_WARN_DIRECT_OBJC_ISA_USAGE = YES_ERROR;
				CLANG_WARN_DOCUMENTATION_COMMENTS = YES;
				CLANG_WARN_EMPTY_BODY = YES;
				CLANG_WARN_ENUM_CONVERSION = YES;
				CLANG_WARN_INFINITE_RECURSION = YES;
				CLANG_WARN_INT_CONVERSION = YES;
				CLANG_WARN_NON_LITERAL_NULL_CONVERSION = YES;
				CLANG_WARN_OBJC_IMPLICIT_RETAIN_SELF = YES;
				CLANG_WARN_OBJC_LITERAL_CONVERSION = YES;
				CLANG_WARN_OBJC_ROOT_CLASS = YES_ERROR;
				CLANG_WARN_QUOTED_INCLUDE_IN_FRAMEWORK_HEADER = YES;
				CLANG_WARN_RANGE_LOOP_ANALYSIS = YES;
				CLANG_WARN_STRICT_PROTOTYPES = YES;
				CLANG_WARN_SUSPICIOUS_MOVE = YES;
				CLANG_WARN_UNGUARDED_AVAILABILITY = YES_AGGRESSIVE;
				CLANG_WARN_UNREACHABLE_CODE = YES;
				CLANG_WARN__DUPLICATE_METHOD_MATCH = YES;
				COPY_PHASE_STRIP = NO;
				DEBUG_INFORMATION_FORMAT = dwarf;
				ENABLE_STRICT_OBJC_MSGSEND = YES;
				ENABLE_TESTABILITY = YES;
				GCC_C_LANGUAGE_STANDARD = gnu11;
				GCC_DYNAMIC_NO_PIC = NO;
				GCC_NO_COMMON_BLOCKS = YES;
				GCC_OPTIMIZATION_LEVEL = 0;
				GCC_PREPROCESSOR_DEFINITIONS = (
					"DEBUG=1",
					"$(inherited)",
				);
				GCC_WARN_64_TO_32_BIT_CONVERSION = YES;
				GCC_WARN_ABOUT_RETURN_TYPE = YES_ERROR;
				GCC_WARN_UNDECLARED_SELECTOR = YES;
				GCC_WARN_UNINITIALIZED_AUTOS = YES_AGGRESSIVE;
				GCC_WARN_UNUSED_FUNCTION = YES;
				GCC_WARN_UNUSED_VARIABLE = YES;
				IPHONEOS_DEPLOYMENT_TARGET = 14.1;
				MTL_ENABLE_DEBUG_INFO = INCLUDE_SOURCE;
				MTL_FAST_MATH = YES;
				ONLY_ACTIVE_ARCH = YES;
				SDKROOT = iphoneos;
				SWIFT_ACTIVE_COMPILATION_CONDITIONS = DEBUG;
				SWIFT_OPTIMIZATION_LEVEL = "-Onone";
			};
			name = Debug;
		};
		8462B2EB2580D2D700CC12AF /* Release */ = {
			isa = XCBuildConfiguration;
			buildSettings = {
				ALWAYS_SEARCH_USER_PATHS = NO;
				CLANG_ANALYZER_NONNULL = YES;
				CLANG_ANALYZER_NUMBER_OBJECT_CONVERSION = YES_AGGRESSIVE;
				CLANG_CXX_LANGUAGE_STANDARD = "gnu++14";
				CLANG_CXX_LIBRARY = "libc++";
				CLANG_ENABLE_MODULES = YES;
				CLANG_ENABLE_OBJC_ARC = YES;
				CLANG_ENABLE_OBJC_WEAK = YES;
				CLANG_WARN_BLOCK_CAPTURE_AUTORELEASING = YES;
				CLANG_WARN_BOOL_CONVERSION = YES;
				CLANG_WARN_COMMA = YES;
				CLANG_WARN_CONSTANT_CONVERSION = YES;
				CLANG_WARN_DEPRECATED_OBJC_IMPLEMENTATIONS = YES;
				CLANG_WARN_DIRECT_OBJC_ISA_USAGE = YES_ERROR;
				CLANG_WARN_DOCUMENTATION_COMMENTS = YES;
				CLANG_WARN_EMPTY_BODY = YES;
				CLANG_WARN_ENUM_CONVERSION = YES;
				CLANG_WARN_INFINITE_RECURSION = YES;
				CLANG_WARN_INT_CONVERSION = YES;
				CLANG_WARN_NON_LITERAL_NULL_CONVERSION = YES;
				CLANG_WARN_OBJC_IMPLICIT_RETAIN_SELF = YES;
				CLANG_WARN_OBJC_LITERAL_CONVERSION = YES;
				CLANG_WARN_OBJC_ROOT_CLASS = YES_ERROR;
				CLANG_WARN_QUOTED_INCLUDE_IN_FRAMEWORK_HEADER = YES;
				CLANG_WARN_RANGE_LOOP_ANALYSIS = YES;
				CLANG_WARN_STRICT_PROTOTYPES = YES;
				CLANG_WARN_SUSPICIOUS_MOVE = YES;
				CLANG_WARN_UNGUARDED_AVAILABILITY = YES_AGGRESSIVE;
				CLANG_WARN_UNREACHABLE_CODE = YES;
				CLANG_WARN__DUPLICATE_METHOD_MATCH = YES;
				COPY_PHASE_STRIP = NO;
				DEBUG_INFORMATION_FORMAT = "dwarf-with-dsym";
				ENABLE_NS_ASSERTIONS = NO;
				ENABLE_STRICT_OBJC_MSGSEND = YES;
				GCC_C_LANGUAGE_STANDARD = gnu11;
				GCC_NO_COMMON_BLOCKS = YES;
				GCC_WARN_64_TO_32_BIT_CONVERSION = YES;
				GCC_WARN_ABOUT_RETURN_TYPE = YES_ERROR;
				GCC_WARN_UNDECLARED_SELECTOR = YES;
				GCC_WARN_UNINITIALIZED_AUTOS = YES_AGGRESSIVE;
				GCC_WARN_UNUSED_FUNCTION = YES;
				GCC_WARN_UNUSED_VARIABLE = YES;
				IPHONEOS_DEPLOYMENT_TARGET = 14.1;
				MTL_ENABLE_DEBUG_INFO = NO;
				MTL_FAST_MATH = YES;
				SDKROOT = iphoneos;
				SWIFT_COMPILATION_MODE = wholemodule;
				SWIFT_OPTIMIZATION_LEVEL = "-O";
				VALIDATE_PRODUCT = YES;
			};
			name = Release;
		};
		8462B2ED2580D2D700CC12AF /* Debug */ = {
			isa = XCBuildConfiguration;
			baseConfigurationReference = CCB43563C0BA0235C98645A4 /* Pods-iOS_test1.debug.xcconfig */;
			buildSettings = {
				ASSETCATALOG_COMPILER_APPICON_NAME = AppIcon;
				ASSETCATALOG_COMPILER_GLOBAL_ACCENT_COLOR_NAME = AccentColor;
				CODE_SIGN_STYLE = Automatic;
				INFOPLIST_FILE = iOS_test1/Info.plist;
				LD_RUNPATH_SEARCH_PATHS = (
					"$(inherited)",
					"@executable_path/Frameworks",
				);
				PRODUCT_BUNDLE_IDENTIFIER = "com.exmple.iOS-test1";
				PRODUCT_NAME = "$(TARGET_NAME)";
				SWIFT_VERSION = 5.0;
				TARGETED_DEVICE_FAMILY = "1,2";
			};
			name = Debug;
		};
		8462B2EE2580D2D700CC12AF /* Release */ = {
			isa = XCBuildConfiguration;
			baseConfigurationReference = 9D3BC90861B79F092B07C016 /* Pods-iOS_test1.release.xcconfig */;
			buildSettings = {
				ASSETCATALOG_COMPILER_APPICON_NAME = AppIcon;
				ASSETCATALOG_COMPILER_GLOBAL_ACCENT_COLOR_NAME = AccentColor;
				CODE_SIGN_STYLE = Automatic;
				INFOPLIST_FILE = iOS_test1/Info.plist;
				LD_RUNPATH_SEARCH_PATHS = (
					"$(inherited)",
					"@executable_path/Frameworks",
				);
				PRODUCT_BUNDLE_IDENTIFIER = "com.exmple.iOS-test1";
				PRODUCT_NAME = "$(TARGET_NAME)";
				SWIFT_VERSION = 5.0;
				TARGETED_DEVICE_FAMILY = "1,2";
			};
			name = Release;
		};
/* End XCBuildConfiguration section */

/* Begin XCConfigurationList section */
		8462B2D32580D2D700CC12AF /* Build configuration list for PBXProject "iOS_test1" */ = {
			isa = XCConfigurationList;
			buildConfigurations = (
				8462B2EA2580D2D700CC12AF /* Debug */,
				8462B2EB2580D2D700CC12AF /* Release */,
			);
			defaultConfigurationIsVisible = 0;
			defaultConfigurationName = Release;
		};
		8462B2EC2580D2D700CC12AF /* Build configuration list for PBXNativeTarget "iOS_test1" */ = {
			isa = XCConfigurationList;
			buildConfigurations = (
				8462B2ED2580D2D700CC12AF /* Debug */,
				8462B2EE2580D2D700CC12AF /* Release */,
			);
			defaultConfigurationIsVisible = 0;
			defaultConfigurationName = Release;
		};
/* End XCConfigurationList section */
	};
	rootObject = 8462B2D02580D2D700CC12AF /* Project object */;
}
